
Microsoft Visual Studio Solution File, Format Version 12.00
# Visual Studio Version 16
VisualStudioVersion = 16.0.29519.87
MinimumVisualStudioVersion = 10.0.40219.1
Project("{FAE04EC0-301F-11D3-BF4B-00C04F79EFBC}") = "DateChanger", "DateChanger\DateChanger.csproj", "{C229F31C-9248-43F8-BD10-49407E1F080B}"
EndProject
Global
	GlobalSection(SolutionConfigurationPlatforms) = preSolution
		Debug|Any CPU = Debug|Any CPU
		Release|Any CPU = Release|Any CPU
	EndGlobalSection
	GlobalSection(ProjectConfigurationPlatforms) = postSolution
		{C229F31C-9248-43F8-BD10-49407E1F080B}.Debug|Any CPU.ActiveCfg = Debug|Any CPU
		{C229F31C-9248-43F8-BD10-49407E1F080B}.Debug|Any CPU.Build.0 = Debug|Any CPU
		{C229F31C-9248-43F8-BD10-49407E1F080B}.Release|Any CPU.ActiveCfg = Release|Any CPU
		{C229F31C-9248-43F8-BD10-49407E1F080B}.Release|Any CPU.Build.0 = Release|Any CPU
	EndGlobalSection
	GlobalSection(SolutionProperties) = preSolution
		HideSolutionNode = FALSE
	EndGlobalSection
	GlobalSection(ExtensibilityGlobals) = postSolution
		SolutionGuid = {0106FBBE-4262-44D5-9B93-397ECA7EE593}
	EndGlobalSection
EndGlobal
